{
  "lockfileVersion": 1,
  "configVersion": 1,
  "workspaces": {
    "": {
      "name": "clardio",
      "dependencies": {
        "@anthropic-ai/sdk": "^0.71.2",
        "fit-file-parser": "^2.2.1",
      },
      "devDependencies": {
        "@types/bun": "latest",
      },
      "peerDependencies": {
        "typescript": "^5",
      },
    },
  },
  "packages": {
    "@anthropic-ai/sdk": ["@anthropic-ai/sdk@0.71.2", "", { "dependencies": { "json-schema-to-ts": "^3.1.1" }, "peerDependencies": { "zod": "^3.25.0 || ^4.0.0" }, "optionalPeers": ["zod"], "bin": { "anthropic-ai-sdk": "bin/cli" } }, "sha512-TGNDEUuEstk/DKu0/TflXAEt+p+p/WhTlFzEnoosvbaDU2LTjm42igSdlL0VijrKpWejtOKxX0b8A7uc+XiSAQ=="],

    "@babel/runtime": ["@babel/runtime@7.28.6", "", {}, "sha512-05WQkdpL9COIMz4LjTxGpPNCdlpyimKppYNoJ5Di5EUObifl8t4tuLuUBBZEpoLYOmfvIWrsp9fCl0HoPRVTdA=="],

    "@types/bun": ["@types/bun@1.3.5", "", { "dependencies": { "bun-types": "1.3.5" } }, "sha512-RnygCqNrd3srIPEWBd5LFeUYG7plCoH2Yw9WaZGyNmdTEei+gWaHqydbaIRkIkcbXwhBT94q78QljxN0Sk838w=="],

    "@types/node": ["@types/node@25.0.3", "", { "dependencies": { "undici-types": "~7.16.0" } }, "sha512-W609buLVRVmeW693xKfzHeIV6nJGGz98uCPfeXI1ELMLXVeKYZ9m15fAMSaUPBHYLGFsVRcMmSCksQOrZV9BYA=="],

    "base64-js": ["base64-js@1.5.1", "", {}, "sha512-AKpaYlHn8t4SVbOHCy+b5+KKgvR4vrsD8vbvrbiQJps7fKDTkjkDry6ji0rUJjC0kzbNePLwzxq8iypo41qeWA=="],

    "buffer": ["buffer@6.0.3", "", { "dependencies": { "base64-js": "^1.3.1", "ieee754": "^1.2.1" } }, "sha512-FTiCpNxtwiZZHEZbcbTIcZjERVICn9yq/pDFkTl95/AxzD1naBctN7YO68riM/gLSDY7sdrMby8hofADYuuqOA=="],

    "bun-types": ["bun-types@1.3.5", "", { "dependencies": { "@types/node": "*" } }, "sha512-inmAYe2PFLs0SUbFOWSVD24sg1jFlMPxOjOSSCYqUgn4Hsc3rDc7dFvfVYjFPNHtov6kgUeulV4SxbuIV/stPw=="],

    "fit-file-parser": ["fit-file-parser@2.2.1", "", { "dependencies": { "buffer": "^6.0.3" } }, "sha512-dJXCAclgFE3LJ7+nbM91OWsTH6espLtXBDuxhWVT3YcLiDrnzUVjeea02sESWzNUs1SqqQ9iET4CqnI2HeFTCQ=="],

    "ieee754": ["ieee754@1.2.1", "", {}, "sha512-dcyqhDvX1C46lXZcVqCpK+FtMRQVdIMN6/Df5js2zouUsqG7I6sFxitIC+7KYK29KdXOLHdu9zL4sFnoVQnqaA=="],

    "json-schema-to-ts": ["json-schema-to-ts@3.1.1", "", { "dependencies": { "@babel/runtime": "^7.18.3", "ts-algebra": "^2.0.0" } }, "sha512-+DWg8jCJG2TEnpy7kOm/7/AxaYoaRbjVB4LFZLySZlWn8exGs3A4OLJR966cVvU26N7X9TWxl+Jsw7dzAqKT6g=="],

    "ts-algebra": ["ts-algebra@2.0.0", "", {}, "sha512-FPAhNPFMrkwz76P7cdjdmiShwMynZYN6SgOujD1urY4oNm80Ou9oMdmbR45LotcKOXoy7wSmHkRFE6Mxbrhefw=="],

    "typescript": ["typescript@5.9.3", "", { "bin": { "tsc": "bin/tsc", "tsserver": "bin/tsserver" } }, "sha512-jl1vZzPDinLr9eUt3J/t7V6FgNEw9QjvBPdysz9KfQDD41fQrC2Y4vKQdiaUpFT4bXlb1RHhLpp8wtm6M5TgSw=="],

    "undici-types": ["undici-types@7.16.0", "", {}, "sha512-Zz+aZWSj8LE6zoxD+xrjh4VfkIG8Ya6LvYkZqtUQGJPZjYl53ypCaUwWqo7eI0x66KBGeRo+mlBEkMSeSZ38Nw=="],
  }
}
